PODS:
  - FlutterMacOS (1.0.0)
  - media_kit_libs_macos_audio (1.0.4):
    - FlutterMacOS

DEPENDENCIES:
  - FlutterMacOS (from `Flutter/ephemeral`)
  - media_kit_libs_macos_audio (from `Flutter/ephemeral/.symlinks/plugins/media_kit_libs_macos_audio/macos`)

EXTERNAL SOURCES:
  FlutterMacOS:
    :path: Flutter/ephemeral
  media_kit_libs_macos_audio:
    :path: Flutter/ephemeral/.symlinks/plugins/media_kit_libs_macos_audio/macos

SPEC CHECKSUMS:
  FlutterMacOS: d0db08ddef1a9af05a5ec4b724367152bb0500b1
  media_kit_libs_macos_audio: 06f3cf88d6d89c7c3c87eae57689d1c6adb335b2

PODFILE CHECKSUM: 54d867c82ac51cbd61b565781b9fada492027009

COCOAPODS: 1.17.0
